[[package]]
category = "main"
description = "ASCII Art Library For Python"
name = "art"
optional = false
python-versions = ">=2.7"
version = "4.7"

[[package]]
category = "main"
description = "Cross-platform colored terminal text."
name = "colorama"
optional = false
python-versions = ">=2.7, !=3.0.*, !=3.1.*, !=3.2.*, !=3.3.*, !=3.4.*"
version = "0.4.3"

[[package]]
category = "main"
description = "Read single characters and key-strokes"
name = "getkey"
optional = false
python-versions = "*"
version = "0.6.5"

[metadata]
content-hash = "e24ce8a43ae9f42ca117ba9eae05e5093d4ff59f1ba55aa58cc03aae25549a89"
python-versions = "^3.7"

[metadata.hashes]
art = ["3ce62271dee7b6c2a058f8295ddf7c32035477400a83830781ef91e704488910", "8d02f8183d51c0879776cf8c9ff23335de0ea6033f23a174b2e18b102548a804"]
colorama = ["7d73d2a99753107a36ac6b455ee49046802e59d9d076ef8e47b61499fa29afff", "e96da0d330793e2cb9485e9ddfd918d456036c7149416295932478192f4436a1"]
getkey = ["68c7c702c3b34deacf427f6c0f1fd66c5c2aa12d7801aa32442fc1a71c8ce059"]
